{
  "name": "aws-region-finder",
  "version": "1.0.0",
  "lockfileVersion": 1,
  "requires": true,
  "dependencies": {
    "is-in-subnet": {
      "version": "3.1.0",
      "resolved": "https://registry.npmjs.org/is-in-subnet/-/is-in-subnet-3.1.0.tgz",
      "integrity": "sha512-UpHSoZ+S53dhiM5q48atdahm6GmaTFlZaelKTdtBQeSihWZdToE7b8hlTzWVVLghntGlCK97c1JTIdzV5Q+Vcw=="
    },
    "prettier": {
      "version": "1.19.1",
      "resolved": "https://registry.npmjs.org/prettier/-/prettier-1.19.1.tgz",
      "integrity": "sha512-s7PoyDv/II1ObgQunCbB9PdLmUcBZcnWOcxDh7O0N/UwDEsHyqkW+Qh28jW+mVuCdx7gLB0BotYI1Y6uI9iyew==",
      "dev": true
    }
  }
}
