{
  "name": "aws-region-finder",
  "version": "1.0.0",
  "lockfileVersion": 1,
  "requires": true,
  "dependencies": {
    "netmask": {
      "version": "1.0.6",
      "resolved": "https://registry.npmjs.org/netmask/-/netmask-1.0.6.tgz",
      "integrity": "sha1-ICl+idhvb2QA8lDZ9Pa0wZRfzTU="
    },
    "prettier": {
      "version": "1.19.1",
      "resolved": "https://registry.npmjs.org/prettier/-/prettier-1.19.1.tgz",
      "integrity": "sha512-s7PoyDv/II1ObgQunCbB9PdLmUcBZcnWOcxDh7O0N/UwDEsHyqkW+Qh28jW+mVuCdx7gLB0BotYI1Y6uI9iyew==",
      "dev": true
    },
    "validator": {
      "version": "13.1.17",
      "resolved": "https://registry.npmjs.org/validator/-/validator-13.1.17.tgz",
      "integrity": "sha512-zL5QBoemJ3jYFb2/j38y7ljhwYGXVLUp8H6W1nVxadnAOvUOytec+L7BHh1oBQ82/TzWXHd+GSaxUWp4lROkLg=="
    }
  }
}
